Microsoft Visual Studio Solution File, Format Version 11.00
# Visual Studio 2008

Project("{4E977B96-06A6-2470-735F-C7677E482647}") = "CasterPollux", "Assembly-CSharp-firstpass-vs.csproj", "{592B1B5A-1DA2-F80C-361F-460D300AC0AF}"
EndProject
Project("{4E977B96-06A6-2470-735F-C7677E482647}") = "CasterPollux", "Assembly-CSharp-vs.csproj", "{6229B328-7DAD-1A13-5BF1-CD672F973894}"
EndProject
Global
	GlobalSection(SolutionConfigurationPlatforms) = preSolution
		Debug|Any CPU = Debug|Any CPU
		Release|Any CPU = Release|Any CPU
	EndGlobalSection
	GlobalSection(ProjectConfigurationPlatforms) = postSolution
		{592B1B5A-1DA2-F80C-361F-460D300AC0AF}.Debug|Any CPU.ActiveCfg = Debug|Any CPU
		{592B1B5A-1DA2-F80C-361F-460D300AC0AF}.Debug|Any CPU.Build.0 = Debug|Any CPU
		{592B1B5A-1DA2-F80C-361F-460D300AC0AF}.Release|Any CPU.ActiveCfg = Release|Any CPU
		{592B1B5A-1DA2-F80C-361F-460D300AC0AF}.Release|Any CPU.Build.0 = Release|Any CPU
		{6229B328-7DAD-1A13-5BF1-CD672F973894}.Debug|Any CPU.ActiveCfg = Debug|Any CPU
		{6229B328-7DAD-1A13-5BF1-CD672F973894}.Debug|Any CPU.Build.0 = Debug|Any CPU
		{6229B328-7DAD-1A13-5BF1-CD672F973894}.Release|Any CPU.ActiveCfg = Release|Any CPU
		{6229B328-7DAD-1A13-5BF1-CD672F973894}.Release|Any CPU.Build.0 = Release|Any CPU
	EndGlobalSection
	GlobalSection(SolutionProperties) = preSolution
		HideSolutionNode = FALSE
	EndGlobalSection
																GlobalSection(MonoDevelopProperties) = preSolution
		StartupItem = Assembly-CSharp.csproj
		Policies = $0
		$0.TextStylePolicy = $1
		$1.inheritsSet = null
		$1.scope = text/x-csharp
		$0.CSharpFormattingPolicy = $2
		$2.inheritsSet = Mono
		$2.inheritsScope = text/x-csharp
		$2.scope = text/x-csharp
		$0.TextStylePolicy = $3
		$3.FileWidth = 120
		$3.TabWidth = 4
		$3.EolMarker = Unix
		$3.inheritsSet = Mono
		$3.inheritsScope = text/plain
		$3.scope = text/plain
	EndGlobalSection

EndGlobal
